// !$*UTF8*$!
{
	archiveVersion = 1;
	classes = {
	};
	objectVersion = 46;
	objects = {

/* Begin PBXBuildFile section */
		B1CE0FD71DD07ECE00D35CFE /* main.m in Sources */ = {isa = PBXBuildFile; fileRef = B1CE0FD61DD07ECE00D35CFE /* main.m */; };
		B1CE0FDA1DD07ECE00D35CFE /* AppDelegate.m in Sources */ = {isa = PBXBuildFile; fileRef = B1CE0FD91DD07ECE00D35CFE /* AppDelegate.m */; };
		B1CE0FDD1DD07ECE00D35CFE /* ViewController.m in Sources */ = {isa = PBXBuildFile; fileRef = B1CE0FDC1DD07ECE00D35CFE /* ViewController.m */; };
		B1CE0FE01DD07ECE00D35CFE /* Main.storyboard in Resources */ = {isa = PBXBuildFile; fileRef = B1CE0FDE1DD07ECE00D35CFE /* Main.storyboard */; };
		B1CE0FE21DD07ECE00D35CFE /* Assets.xcassets in Resources */ = {isa = PBXBuildFile; fileRef = B1CE0FE11DD07ECE00D35CFE /* Assets.xcassets */; };
		B1CE0FE51DD07ECE00D35CFE /* LaunchScreen.storyboard in Resources */ = {isa = PBXBuildFile; fileRef = B1CE0FE31DD07ECE00D35CFE /* LaunchScreen.storyboard */; };
/* End PBXBuildFile section */

/* Begin PBXFileReference section */
		B1CE0FD21DD07ECE00D35CFE /* WeChat_OC.app */ = {isa = PBXFileReference; explicitFileType = wrapper.application; includeInIndex = 0; path = WeChat_OC.app; sourceTree = BUILT_PRODUCTS_DIR; };
		B1CE0FD61DD07ECE00D35CFE /* main.m */ = {isa = PBXFileReference; lastKnownFileType = sourcecode.c.objc; path = main.m; sourceTree = "<group>"; };
		B1CE0FD81DD07ECE00D35CFE /* AppDelegate.h */ = {isa = PBXFileReference; lastKnownFileType = sourcecode.c.h; path = AppDelegate.h; sourceTree = "<group>"; };
		B1CE0FD91DD07ECE00D35CFE /* AppDelegate.m */ = {isa = PBXFileReference; lastKnownFileType = sourcecode.c.objc; path = AppDelegate.m; sourceTree = "<group>"; };
		B1CE0FDB1DD07ECE00D35CFE /* ViewController.h */ = {isa = PBXFileReference; lastKnownFileType = sourcecode.c.h; path = ViewController.h; sourceTree = "<group>"; };
		B1CE0FDC1DD07ECE00D35CFE /* ViewController.m */ = {isa = PBXFileReference; lastKnownFileType = sourcecode.c.objc; path = ViewController.m; sourceTree = "<group>"; };
		B1CE0FDF1DD07ECE00D35CFE /* Base */ = {isa = PBXFileReference; lastKnownFileType = file.storyboard; name = Base; path = Base.lproj/Main.storyboard; sourceTree = "<group>"; };
		B1CE0FE11DD07ECE00D35CFE /* Assets.xcassets */ = {isa = PBXFileReference; lastKnownFileType = folder.assetcatalog; path = Assets.xcassets; sourceTree = "<group>"; };
		B1CE0FE41DD07ECE00D35CFE /* Base */ = {isa = PBXFileReference; lastKnownFileType = file.storyboard; name = Base; path = Base.lproj/LaunchScreen.storyboard; sourceTree = "<group>"; };
		B1CE0FE61DD07ECE00D35CFE /* Info.plist */ = {isa = PBXFileReference; lastKnownFileType = text.plist.xml; path = Info.plist; sourceTree = "<group>"; };
/* End PBXFileReference section */

/* Begin PBXFrameworksBuildPhase section */
		B1CE0FCF1DD07ECE00D35CFE /* Frameworks */ = {
			isa = PBXFrameworksBuildPhase;
			buildActionMask = 2147483647;
			files = (
			);
			runOnlyForDeploymentPostprocessing = 0;
		};
/* End PBXFrameworksBuildPhase section */

/* Begin PBXGroup section */
		B1CE0FC91DD07ECD00D35CFE = {
			isa = PBXGroup;
			children = (
				B1CE0FD41DD07ECE00D35CFE /* WeChat_OC */,
				B1CE0FD31DD07ECE00D35CFE /* Products */,
			);
			sourceTree = "<group>";
		};
		B1CE0FD31DD07ECE00D35CFE /* Products */ = {
			isa = PBXGroup;
			children = (
				B1CE0FD21DD07ECE00D35CFE /* WeChat_OC.app */,
			);
			name = Products;
			sourceTree = "<group>";
		};
		B1CE0FD41DD07ECE00D35CFE /* WeChat_OC */ = {
			isa = PBXGroup;
			children = (
				B1CE0FF81DD07F9100D35CFE /* Me */,
				B1CE0FF41DD07F7900D35CFE /* Finder */,
				B1CE0FF01DD07F7000D35CFE /* Contact */,
				B1CE0FEC1DD07F5E00D35CFE /* WeChat */,
				B1CE0FD81DD07ECE00D35CFE /* AppDelegate.h */,
				B1CE0FD91DD07ECE00D35CFE /* AppDelegate.m */,
				B1CE0FDB1DD07ECE00D35CFE /* ViewController.h */,
				B1CE0FDC1DD07ECE00D35CFE /* ViewController.m */,
				B1CE0FDE1DD07ECE00D35CFE /* Main.storyboard */,
				B1CE0FE11DD07ECE00D35CFE /* Assets.xcassets */,
				B1CE0FE31DD07ECE00D35CFE /* LaunchScreen.storyboard */,
				B1CE0FE61DD07ECE00D35CFE /* Info.plist */,
				B1CE0FD51DD07ECE00D35CFE /* Supporting Files */,
			);
			path = WeChat_OC;
			sourceTree = "<group>";
		};
		B1CE0FD51DD07ECE00D35CFE /* Supporting Files */ = {
			isa = PBXGroup;
			children = (
				B1CE0FD61DD07ECE00D35CFE /* main.m */,
			);
			name = "Supporting Files";
			sourceTree = "<group>";
		};
		B1CE0FEC1DD07F5E00D35CFE /* WeChat */ = {
			isa = PBXGroup;
			children = (
				B1CE0FED1DD07F5E00D35CFE /* Controller */,
				B1CE0FEE1DD07F5E00D35CFE /* Model */,
				B1CE0FEF1DD07F5E00D35CFE /* View */,
			);
			path = WeChat;
			sourceTree = "<group>";
		};
		B1CE0FED1DD07F5E00D35CFE /* Controller */ = {
			isa = PBXGroup;
			children = (
			);
			path = Controller;
			sourceTree = "<group>";
		};
		B1CE0FEE1DD07F5E00D35CFE /* Model */ = {
			isa = PBXGroup;
			children = (
			);
			path = Model;
			sourceTree = "<group>";
		};
		B1CE0FEF1DD07F5E00D35CFE /* View */ = {
			isa = PBXGroup;
			children = (
			);
			path = View;
			sourceTree = "<group>";
		};
		B1CE0FF01DD07F7000D35CFE /* Contact */ = {
			isa = PBXGroup;
			children = (
				B1CE0FF11DD07F7000D35CFE /* Controller */,
				B1CE0FF21DD07F7000D35CFE /* Model */,
				B1CE0FF31DD07F7000D35CFE /* View */,
			);
			path = Contact;
			sourceTree = "<group>";
		};
		B1CE0FF11DD07F7000D35CFE /* Controller */ = {
			isa = PBXGroup;
			children = (
			);
			path = Controller;
			sourceTree = "<group>";
		};
		B1CE0FF21DD07F7000D35CFE /* Model */ = {
			isa = PBXGroup;
			children = (
			);
			path = Model;
			sourceTree = "<group>";
		};
		B1CE0FF31DD07F7000D35CFE /* View */ = {
			isa = PBXGroup;
			children = (
			);
			path = View;
			sourceTree = "<group>";
		};
		B1CE0FF41DD07F7900D35CFE /* Finder */ = {
			isa = PBXGroup;
			children = (
				B1CE0FF51DD07F7900D35CFE /* Controller */,
				B1CE0FF61DD07F7900D35CFE /* Model */,
				B1CE0FF71DD07F7900D35CFE /* View */,
			);
			path = Finder;
			sourceTree = "<group>";
		};
		B1CE0FF51DD07F7900D35CFE /* Controller */ = {
			isa = PBXGroup;
			children = (
			);
			path = Controller;
			sourceTree = "<group>";
		};
		B1CE0FF61DD07F7900D35CFE /* Model */ = {
			isa = PBXGroup;
			children = (
			);
			path = Model;
			sourceTree = "<group>";
		};
		B1CE0FF71DD07F7900D35CFE /* View */ = {
			isa = PBXGroup;
			children = (
			);
			path = View;
			sourceTree = "<group>";
		};
		B1CE0FF81DD07F9100D35CFE /* Me */ = {
			isa = PBXGroup;
			children = (
				B1CE0FF91DD07F9100D35CFE /* Controller */,
				B1CE0FFA1DD07F9100D35CFE /* Model */,
				B1CE0FFB1DD07F9100D35CFE /* View */,
			);
			path = Me;
			sourceTree = "<group>";
		};
		B1CE0FF91DD07F9100D35CFE /* Controller */ = {
			isa = PBXGroup;
			children = (
			);
			path = Controller;
			sourceTree = "<group>";
		};
		B1CE0FFA1DD07F9100D35CFE /* Model */ = {
			isa = PBXGroup;
			children = (
			);
			path = Model;
			sourceTree = "<group>";
		};
		B1CE0FFB1DD07F9100D35CFE /* View */ = {
			isa = PBXGroup;
			children = (
			);
			path = View;
			sourceTree = "<group>";
		};
/* End PBXGroup section */

/* Begin PBXNativeTarget section */
		B1CE0FD11DD07ECE00D35CFE /* WeChat_OC */ = {
			isa = PBXNativeTarget;
			buildConfigurationList = B1CE0FE91DD07ECE00D35CFE /* Build configuration list for PBXNativeTarget "WeChat_OC" */;
			buildPhases = (
				B1CE0FCE1DD07ECE00D35CFE /* Sources */,
				B1CE0FCF1DD07ECE00D35CFE /* Frameworks */,
				B1CE0FD01DD07ECE00D35CFE /* Resources */,
			);
			buildRules = (
			);
			dependencies = (
			);
			name = WeChat_OC;
			productName = WeChat_OC;
			productReference = B1CE0FD21DD07ECE00D35CFE /* WeChat_OC.app */;
			productType = "com.apple.product-type.application";
		};
/* End PBXNativeTarget section */

/* Begin PBXProject section */
		B1CE0FCA1DD07ECE00D35CFE /* Project object */ = {
			isa = PBXProject;
			attributes = {
				LastUpgradeCheck = 0810;
				ORGANIZATIONNAME = xiaohongjun;
				TargetAttributes = {
					B1CE0FD11DD07ECE00D35CFE = {
						CreatedOnToolsVersion = 8.1;
						ProvisioningStyle = Automatic;
					};
				};
			};
			buildConfigurationList = B1CE0FCD1DD07ECE00D35CFE /* Build configuration list for PBXProject "WeChat_OC" */;
			compatibilityVersion = "Xcode 3.2";
			developmentRegion = English;
			hasScannedForEncodings = 0;
			knownRegions = (
				en,
				Base,
			);
			mainGroup = B1CE0FC91DD07ECD00D35CFE;
			productRefGroup = B1CE0FD31DD07ECE00D35CFE /* Products */;
			projectDirPath = "";
			projectRoot = "";
			targets = (
				B1CE0FD11DD07ECE00D35CFE /* WeChat_OC */,
			);
		};
/* End PBXProject section */

/* Begin PBXResourcesBuildPhase section */
		B1CE0FD01DD07ECE00D35CFE /* Resources */ = {
			isa = PBXResourcesBuildPhase;
			buildActionMask = 2147483647;
			files = (
				B1CE0FE51DD07ECE00D35CFE /* LaunchScreen.storyboard in Resources */,
				B1CE0FE21DD07ECE00D35CFE /* Assets.xcassets in Resources */,
				B1CE0FE01DD07ECE00D35CFE /* Main.storyboard in Resources */,
			);
			runOnlyForDeploymentPostprocessing = 0;
		};
/* End PBXResourcesBuildPhase section */

/* Begin PBXSourcesBuildPhase section */
		B1CE0FCE1DD07ECE00D35CFE /* Sources */ = {
			isa = PBXSourcesBuildPhase;
			buildActionMask = 2147483647;
			files = (
				B1CE0FDD1DD07ECE00D35CFE /* ViewController.m in Sources */,
				B1CE0FDA1DD07ECE00D35CFE /* AppDelegate.m in Sources */,
				B1CE0FD71DD07ECE00D35CFE /* main.m in Sources */,
			);
			runOnlyForDeploymentPostprocessing = 0;
		};
/* End PBXSourcesBuildPhase section */

/* Begin PBXVariantGroup section */
		B1CE0FDE1DD07ECE00D35CFE /* Main.storyboard */ = {
			isa = PBXVariantGroup;
			children = (
				B1CE0FDF1DD07ECE00D35CFE /* Base */,
			);
			name = Main.storyboard;
			sourceTree = "<group>";
		};
		B1CE0FE31DD07ECE00D35CFE /* LaunchScreen.storyboard */ = {
			isa = PBXVariantGroup;
			children = (
				B1CE0FE41DD07ECE00D35CFE /* Base */,
			);
			name = LaunchScreen.storyboard;
			sourceTree = "<group>";
		};
/* End PBXVariantGroup section */

/* Begin XCBuildConfiguration section */
		B1CE0FE71DD07ECE00D35CFE /* Debug */ = {
			isa = XCBuildConfiguration;
			buildSettings = {
				ALWAYS_SEARCH_USER_PATHS = NO;
				CLANG_ANALYZER_NONNULL = YES;
				CLANG_CXX_LANGUAGE_STANDARD = "gnu++0x";
				CLANG_CXX_LIBRARY = "libc++";
				CLANG_ENABLE_MODULES = YES;
				CLANG_ENABLE_OBJC_ARC = YES;
				CLANG_WARN_BOOL_CONVERSION = YES;
				CLANG_WARN_CONSTANT_CONVERSION = YES;
				CLANG_WARN_DIRECT_OBJC_ISA_USAGE = YES_ERROR;
				CLANG_WARN_DOCUMENTATION_COMMENTS = YES;
				CLANG_WARN_EMPTY_BODY = YES;
				CLANG_WARN_ENUM_CONVERSION = YES;
				CLANG_WARN_INFINITE_RECURSION = YES;
				CLANG_WARN_INT_CONVERSION = YES;
				CLANG_WARN_OBJC_ROOT_CLASS = YES_ERROR;
				CLANG_WARN_SUSPICIOUS_MOVES = YES;
				CLANG_WARN_UNREACHABLE_CODE = YES;
				CLANG_WARN__DUPLICATE_METHOD_MATCH = YES;
				"CODE_SIGN_IDENTITY[sdk=iphoneos*]" = "iPhone Developer";
				COPY_PHASE_STRIP = NO;
				DEBUG_INFORMATION_FORMAT = dwarf;
				ENABLE_STRICT_OBJC_MSGSEND = YES;
				ENABLE_TESTABILITY = YES;
				GCC_C_LANGUAGE_STANDARD = gnu99;
				GCC_DYNAMIC_NO_PIC = NO;
				GCC_NO_COMMON_BLOCKS = YES;
				GCC_OPTIMIZATION_LEVEL = 0;
				GCC_PREPROCESSOR_DEFINITIONS = (
					"DEBUG=1",
					"$(inherited)",
				);
				GCC_WARN_64_TO_32_BIT_CONVERSION = YES;
				GCC_WARN_ABOUT_RETURN_TYPE = YES_ERROR;
				GCC_WARN_UNDECLARED_SELECTOR = YES;
				GCC_WARN_UNINITIALIZED_AUTOS = YES_AGGRESSIVE;
				GCC_WARN_UNUSED_FUNCTION = YES;
				GCC_WARN_UNUSED_VARIABLE = YES;
				IPHONEOS_DEPLOYMENT_TARGET = 10.1;
				MTL_ENABLE_DEBUG_INFO = YES;
				ONLY_ACTIVE_ARCH = YES;
				SDKROOT = iphoneos;
				TARGETED_DEVICE_FAMILY = "1,2";
			};
			name = Debug;
		};
		B1CE0FE81DD07ECE00D35CFE /* Release */ = {
			isa = XCBuildConfiguration;
			buildSettings = {
				ALWAYS_SEARCH_USER_PATHS = NO;
				CLANG_ANALYZER_NONNULL = YES;
				CLANG_CXX_LANGUAGE_STANDARD = "gnu++0x";
				CLANG_CXX_LIBRARY = "libc++";
				CLANG_ENABLE_MODULES = YES;
				CLANG_ENABLE_OBJC_ARC = YES;
				CLANG_WARN_BOOL_CONVERSION = YES;
				CLANG_WARN_CONSTANT_CONVERSION = YES;
				CLANG_WARN_DIRECT_OBJC_ISA_USAGE = YES_ERROR;
				CLANG_WARN_DOCUMENTATION_COMMENTS = YES;
				CLANG_WARN_EMPTY_BODY = YES;
				CLANG_WARN_ENUM_CONVERSION = YES;
				CLANG_WARN_INFINITE_RECURSION = YES;
				CLANG_WARN_INT_CONVERSION = YES;
				CLANG_WARN_OBJC_ROOT_CLASS = YES_ERROR;
				CLANG_WARN_SUSPICIOUS_MOVES = YES;
				CLANG_WARN_UNREACHABLE_CODE = YES;
				CLANG_WARN__DUPLICATE_METHOD_MATCH = YES;
				"CODE_SIGN_IDENTITY[sdk=iphoneos*]" = "iPhone Developer";
				COPY_PHASE_STRIP = NO;
				DEBUG_INFORMATION_FORMAT = "dwarf-with-dsym";
				ENABLE_NS_ASSERTIONS = NO;
				ENABLE_STRICT_OBJC_MSGSEND = YES;
				GCC_C_LANGUAGE_STANDARD = gnu99;
				GCC_NO_COMMON_BLOCKS = YES;
				GCC_WARN_64_TO_32_BIT_CONVERSION = YES;
				GCC_WARN_ABOUT_RETURN_TYPE = YES_ERROR;
				GCC_WARN_UNDECLARED_SELECTOR = YES;
				GCC_WARN_UNINITIALIZED_AUTOS = YES_AGGRESSIVE;
				GCC_WARN_UNUSED_FUNCTION = YES;
				GCC_WARN_UNUSED_VARIABLE = YES;
				IPHONEOS_DEPLOYMENT_TARGET = 10.1;
				MTL_ENABLE_DEBUG_INFO = NO;
				SDKROOT = iphoneos;
				TARGETED_DEVICE_FAMILY = "1,2";
				VALIDATE_PRODUCT = YES;
			};
			name = Release;
		};
		B1CE0FEA1DD07ECE00D35CFE /* Debug */ = {
			isa = XCBuildConfiguration;
			buildSettings = {
				ASSETCATALOG_COMPILER_APPICON_NAME = AppIcon;
				INFOPLIST_FILE = WeChat_OC/Info.plist;
				LD_RUNPATH_SEARCH_PATHS = "$(inherited) @executable_path/Frameworks";
				PRODUCT_BUNDLE_IDENTIFIER = "XHJ.WeChat-OC";
				PRODUCT_NAME = "$(TARGET_NAME)";
			};
			name = Debug;
		};
		B1CE0FEB1DD07ECE00D35CFE /* Release */ = {
			isa = XCBuildConfiguration;
			buildSettings = {
				ASSETCATALOG_COMPILER_APPICON_NAME = AppIcon;
				INFOPLIST_FILE = WeChat_OC/Info.plist;
				LD_RUNPATH_SEARCH_PATHS = "$(inherited) @executable_path/Frameworks";
				PRODUCT_BUNDLE_IDENTIFIER = "XHJ.WeChat-OC";
				PRODUCT_NAME = "$(TARGET_NAME)";
			};
			name = Release;
		};
/* End XCBuildConfiguration section */

/* Begin XCConfigurationList section */
		B1CE0FCD1DD07ECE00D35CFE /* Build configuration list for PBXProject "WeChat_OC" */ = {
			isa = XCConfigurationList;
			buildConfigurations = (
				B1CE0FE71DD07ECE00D35CFE /* Debug */,
				B1CE0FE81DD07ECE00D35CFE /* Release */,
			);
			defaultConfigurationIsVisible = 0;
			defaultConfigurationName = Release;
		};
		B1CE0FE91DD07ECE00D35CFE /* Build configuration list for PBXNativeTarget "WeChat_OC" */ = {
			isa = XCConfigurationList;
			buildConfigurations = (
				B1CE0FEA1DD07ECE00D35CFE /* Debug */,
				B1CE0FEB1DD07ECE00D35CFE /* Release */,
			);
			defaultConfigurationIsVisible = 0;
			defaultConfigurationName = Release;
		};
/* End XCConfigurationList section */
	};
	rootObject = B1CE0FCA1DD07ECE00D35CFE /* Project object */;
}
